
Microsoft Visual Studio Solution File, Format Version 12.00
# Visual Studio Version 16
VisualStudioVersion = 16.0.30320.27
MinimumVisualStudioVersion = 10.0.40219.1
Project("{FAE04EC0-301F-11D3-BF4B-00C04F79EFBC}") = "BilgeAdam.Data.Transform", "BilgeAdam.Data.Transform\BilgeAdam.Data.Transform.csproj", "{AA79213E-E58E-42B5-8C0C-3E57F14D98E6}"
EndProject
Global
	GlobalSection(SolutionConfigurationPlatforms) = preSolution
		Debug|Any CPU = Debug|Any CPU
		Release|Any CPU = Release|Any CPU
	EndGlobalSection
	GlobalSection(ProjectConfigurationPlatforms) = postSolution
		{AA79213E-E58E-42B5-8C0C-3E57F14D98E6}.Debug|Any CPU.ActiveCfg = Debug|Any CPU
		{AA79213E-E58E-42B5-8C0C-3E57F14D98E6}.Debug|Any CPU.Build.0 = Debug|Any CPU
		{AA79213E-E58E-42B5-8C0C-3E57F14D98E6}.Release|Any CPU.ActiveCfg = Release|Any CPU
		{AA79213E-E58E-42B5-8C0C-3E57F14D98E6}.Release|Any CPU.Build.0 = Release|Any CPU
	EndGlobalSection
	GlobalSection(SolutionProperties) = preSolution
		HideSolutionNode = FALSE
	EndGlobalSection
	GlobalSection(ExtensibilityGlobals) = postSolution
		SolutionGuid = {F4E7B095-A7C6-48D4-9F5F-4E34E8CE0AF7}
	EndGlobalSection
EndGlobal
